
Microsoft Visual Studio Solution File, Format Version 12.00
# Visual Studio Version 17
VisualStudioVersion = 17.11.35327.3
MinimumVisualStudioVersion = 10.0.40219.1
Project("{2150E333-8FDC-42A3-9474-1A3956D46DE8}") = "src", "src", "{FD16021D-FCFC-4294-8BC4-CF6EE696D3B8}"
EndProject
Project("{2150E333-8FDC-42A3-9474-1A3956D46DE8}") = "test", "test", "{58A6784A-AD7E-45FD-A09C-762DD4049C97}"
EndProject
Project("{2150E333-8FDC-42A3-9474-1A3956D46DE8}") = "API", "API", "{FC0A6F6D-104F-42E8-A7EC-208CE17DF81A}"
EndProject
Project("{2150E333-8FDC-42A3-9474-1A3956D46DE8}") = "Core", "Core", "{71EB57EB-822F-459B-ABFE-EF0E42D472F0}"
EndProject
Project("{2150E333-8FDC-42A3-9474-1A3956D46DE8}") = "Infrastructure", "Infrastructure", "{4A42BCEE-D903-43AC-81A7-FE9456498EFC}"
EndProject
Project("{2150E333-8FDC-42A3-9474-1A3956D46DE8}") = "UI", "UI", "{F8187110-9781-4DA7-BD8C-B19C717B5220}"
EndProject
Project("{FAE04EC0-301F-11D3-BF4B-00C04F79EFBC}") = "Product.API", "Product.API\Product.API.csproj", "{B61D36B6-D922-4201-9C0B-E5B9F628BC53}"
EndProject
Project("{FAE04EC0-301F-11D3-BF4B-00C04F79EFBC}") = "Product.Domain", "Product.Domain\Product.Domain.csproj", "{0077E5C3-A175-4732-A126-67853A3F15BB}"
EndProject
Project("{FAE04EC0-301F-11D3-BF4B-00C04F79EFBC}") = "Product.Application", "Product.Application\Product.Application.csproj", "{2F64D3F5-5582-449A-A337-A9899DB01861}"
EndProject
Project("{FAE04EC0-301F-11D3-BF4B-00C04F79EFBC}") = "Product.Persistence", "Product.Persistence\Product.Persistence.csproj", "{D555C6CC-3B54-4150-9FC4-24E7DCCD21ED}"
EndProject
Project("{FAE04EC0-301F-11D3-BF4B-00C04F79EFBC}") = "Product.MVC", "Product.MVC\Product.MVC.csproj", "{B433344F-DF8B-48E7-9698-D85579EE403F}"
EndProject
Global
	GlobalSection(SolutionConfigurationPlatforms) = preSolution
		Debug|Any CPU = Debug|Any CPU
		Release|Any CPU = Release|Any CPU
	EndGlobalSection
	GlobalSection(ProjectConfigurationPlatforms) = postSolution
		{B61D36B6-D922-4201-9C0B-E5B9F628BC53}.Debug|Any CPU.ActiveCfg = Debug|Any CPU
		{B61D36B6-D922-4201-9C0B-E5B9F628BC53}.Debug|Any CPU.Build.0 = Debug|Any CPU
		{B61D36B6-D922-4201-9C0B-E5B9F628BC53}.Release|Any CPU.ActiveCfg = Release|Any CPU
		{B61D36B6-D922-4201-9C0B-E5B9F628BC53}.Release|Any CPU.Build.0 = Release|Any CPU
		{0077E5C3-A175-4732-A126-67853A3F15BB}.Debug|Any CPU.ActiveCfg = Debug|Any CPU
		{0077E5C3-A175-4732-A126-67853A3F15BB}.Debug|Any CPU.Build.0 = Debug|Any CPU
		{0077E5C3-A175-4732-A126-67853A3F15BB}.Release|Any CPU.ActiveCfg = Release|Any CPU
		{0077E5C3-A175-4732-A126-67853A3F15BB}.Release|Any CPU.Build.0 = Release|Any CPU
		{2F64D3F5-5582-449A-A337-A9899DB01861}.Debug|Any CPU.ActiveCfg = Debug|Any CPU
		{2F64D3F5-5582-449A-A337-A9899DB01861}.Debug|Any CPU.Build.0 = Debug|Any CPU
		{2F64D3F5-5582-449A-A337-A9899DB01861}.Release|Any CPU.ActiveCfg = Release|Any CPU
		{2F64D3F5-5582-449A-A337-A9899DB01861}.Release|Any CPU.Build.0 = Release|Any CPU
		{D555C6CC-3B54-4150-9FC4-24E7DCCD21ED}.Debug|Any CPU.ActiveCfg = Debug|Any CPU
		{D555C6CC-3B54-4150-9FC4-24E7DCCD21ED}.Debug|Any CPU.Build.0 = Debug|Any CPU
		{D555C6CC-3B54-4150-9FC4-24E7DCCD21ED}.Release|Any CPU.ActiveCfg = Release|Any CPU
		{D555C6CC-3B54-4150-9FC4-24E7DCCD21ED}.Release|Any CPU.Build.0 = Release|Any CPU
		{B433344F-DF8B-48E7-9698-D85579EE403F}.Debug|Any CPU.ActiveCfg = Debug|Any CPU
		{B433344F-DF8B-48E7-9698-D85579EE403F}.Debug|Any CPU.Build.0 = Debug|Any CPU
		{B433344F-DF8B-48E7-9698-D85579EE403F}.Release|Any CPU.ActiveCfg = Release|Any CPU
		{B433344F-DF8B-48E7-9698-D85579EE403F}.Release|Any CPU.Build.0 = Release|Any CPU
	EndGlobalSection
	GlobalSection(SolutionProperties) = preSolution
		HideSolutionNode = FALSE
	EndGlobalSection
	GlobalSection(NestedProjects) = preSolution
		{FC0A6F6D-104F-42E8-A7EC-208CE17DF81A} = {FD16021D-FCFC-4294-8BC4-CF6EE696D3B8}
		{71EB57EB-822F-459B-ABFE-EF0E42D472F0} = {FD16021D-FCFC-4294-8BC4-CF6EE696D3B8}
		{4A42BCEE-D903-43AC-81A7-FE9456498EFC} = {FD16021D-FCFC-4294-8BC4-CF6EE696D3B8}
		{F8187110-9781-4DA7-BD8C-B19C717B5220} = {FD16021D-FCFC-4294-8BC4-CF6EE696D3B8}
		{B61D36B6-D922-4201-9C0B-E5B9F628BC53} = {FC0A6F6D-104F-42E8-A7EC-208CE17DF81A}
		{0077E5C3-A175-4732-A126-67853A3F15BB} = {71EB57EB-822F-459B-ABFE-EF0E42D472F0}
		{2F64D3F5-5582-449A-A337-A9899DB01861} = {71EB57EB-822F-459B-ABFE-EF0E42D472F0}
		{D555C6CC-3B54-4150-9FC4-24E7DCCD21ED} = {4A42BCEE-D903-43AC-81A7-FE9456498EFC}
		{B433344F-DF8B-48E7-9698-D85579EE403F} = {F8187110-9781-4DA7-BD8C-B19C717B5220}
	EndGlobalSection
	GlobalSection(ExtensibilityGlobals) = postSolution
		SolutionGuid = {215E4277-115C-4CC0-8EB9-CF71E4D471F9}
	EndGlobalSection
EndGlobal
